{
  "name": "node-typescript-no-transpiler-template",
  "version": "1.0.0",
  "lockfileVersion": 3,
  "requires": true,
  "packages": {
    "": {
      "name": "node-typescript-no-transpiler-template",
      "version": "1.0.0",
      "license": "ISC",
      "devDependencies": {
        "@types/node": "^22.19.18",
        "@typescript/native-preview": "^7.0.0-dev.20260507.1"
      }
    },
    "node_modules/@types/node": {
      "version": "22.19.18",
      "resolved": "https://registry.npmjs.org/@types/node/-/node-22.19.18.tgz",
      "integrity": "sha512-9v00a+dn2yWVsYDEunWC4g/TcRKVq3r8N5FuZp7u0SGrPvdN9c2yXI9bBuf5Fl0hNCb+QTIePTn5pJs2pwBOQQ==",
      "dev": true,
      "license": "MIT",
      "dependencies": {
        "undici-types": "~6.21.0"
      }
    },
    "node_modules/@typescript/native-preview": {
      "version": "7.0.0-dev.20260507.1",
      "resolved": "https://registry.npmjs.org/@typescript/native-preview/-/native-preview-7.0.0-dev.20260507.1.tgz",
      "integrity": "sha512-1NCr79LEzPErrYtminofTji5EvFDYwJ2JDQfDhcQyP8XVJF93LZ5jiDXcYE2MgqDvwPUpaHMY8seC28jHrc/ew==",
      "dev": true,
      "license": "Apache-2.0",
      "bin": {
        "tsgo": "bin/tsgo.js"
      },
      "engines": {
        "node": ">=16.20.0"
      },
      "optionalDependencies": {
        "@typescript/native-preview-darwin-arm64": "7.0.0-dev.20260507.1",
        "@typescript/native-preview-darwin-x64": "7.0.0-dev.20260507.1",
        "@typescript/native-preview-linux-arm": "7.0.0-dev.20260507.1",
        "@typescript/native-preview-linux-arm64": "7.0.0-dev.20260507.1",
        "@typescript/native-preview-linux-x64": "7.0.0-dev.20260507.1",
        "@typescript/native-preview-win32-arm64": "7.0.0-dev.20260507.1",
        "@typescript/native-preview-win32-x64": "7.0.0-dev.20260507.1"
      }
    },
    "node_modules/@typescript/native-preview-darwin-arm64": {
      "version": "7.0.0-dev.20260507.1",
      "resolved": "https://registry.npmjs.org/@typescript/native-preview-darwin-arm64/-/native-preview-darwin-arm64-7.0.0-dev.20260507.1.tgz",
      "integrity": "sha512-2iWAWthp9tWDkgIOITi6GGQkEDQ8Mf+L28B83FR+MvvbLEtHJ5BIZoBOSBgKP5KW+eHlAv1LFUC9dggq1+NO0Q==",
      "cpu": [
        "arm64"
      ],
      "dev": true,
      "license": "Apache-2.0",
      "optional": true,
      "os": [
        "darwin"
      ],
      "engines": {
        "node": ">=16.20.0"
      }
    },
    "node_modules/@typescript/native-preview-darwin-x64": {
      "version": "7.0.0-dev.20260507.1",
      "resolved": "https://registry.npmjs.org/@typescript/native-preview-darwin-x64/-/native-preview-darwin-x64-7.0.0-dev.20260507.1.tgz",
      "integrity": "sha512-pXBJx0gF4D9aNZsFavprlbPzL5clAvHsueaVpb3c7M8wv/3FFCdjK7NJUESxpK3+M1RW5MvNaKR6QTzkdunfvQ==",
      "cpu": [
        "x64"
      ],
      "dev": true,
      "license": "Apache-2.0",
      "optional": true,
      "os": [
        "darwin"
      ],
      "engines": {
        "node": ">=16.20.0"
      }
    },
    "node_modules/@typescript/native-preview-linux-arm": {
      "version": "7.0.0-dev.20260507.1",
      "resolved": "https://registry.npmjs.org/@typescript/native-preview-linux-arm/-/native-preview-linux-arm-7.0.0-dev.20260507.1.tgz",
      "integrity": "sha512-i2K4RRVjk9wSMpGcR5G2hKyUowSZMrnSKh5NYx1nVy6srBD7DVrTSBDH+KCVdAVAuZtsl0tOdVJixkRRjOsbpw==",
      "cpu": [
        "arm"
      ],
      "dev": true,
      "license": "Apache-2.0",
      "optional": true,
      "os": [
        "linux"
      ],
      "engines": {
        "node": ">=16.20.0"
      }
    },
    "node_modules/@typescript/native-preview-linux-arm64": {
      "version": "7.0.0-dev.20260507.1",
      "resolved": "https://registry.npmjs.org/@typescript/native-preview-linux-arm64/-/native-preview-linux-arm64-7.0.0-dev.20260507.1.tgz",
      "integrity": "sha512-0F2o8sbpSOHR04ghnhWPFsyuH9uew78v3fc2+tplxAnwZ5Wt72hk6Ka0yG07m8D6Ca0SK/GtTVIq7BfjmNCP8w==",
      "cpu": [
        "arm64"
      ],
      "dev": true,
      "license": "Apache-2.0",
      "optional": true,
      "os": [
        "linux"
      ],
      "engines": {
        "node": ">=16.20.0"
      }
    },
    "node_modules/@typescript/native-preview-linux-x64": {
      "version": "7.0.0-dev.20260507.1",
      "resolved": "https://registry.npmjs.org/@typescript/native-preview-linux-x64/-/native-preview-linux-x64-7.0.0-dev.20260507.1.tgz",
      "integrity": "sha512-dST5xeuhREr73obBJj4j5Dtf0dEQr6WuUyHIoLaVQCX9PZhWk0Iu2/9jJ0+Gtx7fh3jWGcidNPP1SgmSrXP6Sw==",
      "cpu": [
        "x64"
      ],
      "dev": true,
      "license": "Apache-2.0",
      "optional": true,
      "os": [
        "linux"
      ],
      "engines": {
        "node": ">=16.20.0"
      }
    },
    "node_modules/@typescript/native-preview-win32-arm64": {
      "version": "7.0.0-dev.20260507.1",
      "resolved": "https://registry.npmjs.org/@typescript/native-preview-win32-arm64/-/native-preview-win32-arm64-7.0.0-dev.20260507.1.tgz",
      "integrity": "sha512-21rGqCoY2FgnbY2YQFGoAnaHFs5kagwdCmGdn7GmsdNF7P3zvS1ag56BFRYITZ2xw02xYa0fvbXcIIycysBS1A==",
      "cpu": [
        "arm64"
      ],
      "dev": true,
      "license": "Apache-2.0",
      "optional": true,
      "os": [
        "win32"
      ],
      "engines": {
        "node": ">=16.20.0"
      }
    },
    "node_modules/@typescript/native-preview-win32-x64": {
      "version": "7.0.0-dev.20260507.1",
      "resolved": "https://registry.npmjs.org/@typescript/native-preview-win32-x64/-/native-preview-win32-x64-7.0.0-dev.20260507.1.tgz",
      "integrity": "sha512-PORjTM6k/7ySuN7qbKKLKPJ5AlSQuZbaDkLsdQglapQySeHcrdjOhFl172U+V954sR+KhrE3ckhuinEH+Vjkug==",
      "cpu": [
        "x64"
      ],
      "dev": true,
      "license": "Apache-2.0",
      "optional": true,
      "os": [
        "win32"
      ],
      "engines": {
        "node": ">=16.20.0"
      }
    },
    "node_modules/undici-types": {
      "version": "6.21.0",
      "resolved": "https://registry.npmjs.org/undici-types/-/undici-types-6.21.0.tgz",
      "integrity": "sha512-iwDZqg0QAGrg9Rav5H4n0M64c3mkR59cJ6wQp+7C4nI0gsmExaedaYLNO44eT4AtBBwjbTiGPMlt2Md0T9H9JQ==",
      "dev": true,
      "license": "MIT"
    }
  }
}
